
Microsoft Visual Studio Solution File, Format Version 12.00
# Visual Studio Version 16
VisualStudioVersion = 16.0.29905.134
MinimumVisualStudioVersion = 10.0.40219.1
Project("{8BC9CEB8-8B4A-11D0-8D11-00A0C91BC942}") = "Laço de repetição for", "Laço de repetição for.vcxproj", "{07C57E8F-A76F-4183-A3AF-4ED18AA3DDE9}"
EndProject
Global
	GlobalSection(SolutionConfigurationPlatforms) = preSolution
		Debug|x64 = Debug|x64
		Debug|x86 = Debug|x86
		Release|x64 = Release|x64
		Release|x86 = Release|x86
	EndGlobalSection
	GlobalSection(ProjectConfigurationPlatforms) = postSolution
		{07C57E8F-A76F-4183-A3AF-4ED18AA3DDE9}.Debug|x64.ActiveCfg = Debug|x64
		{07C57E8F-A76F-4183-A3AF-4ED18AA3DDE9}.Debug|x64.Build.0 = Debug|x64
		{07C57E8F-A76F-4183-A3AF-4ED18AA3DDE9}.Debug|x86.ActiveCfg = Debug|Win32
		{07C57E8F-A76F-4183-A3AF-4ED18AA3DDE9}.Debug|x86.Build.0 = Debug|Win32
		{07C57E8F-A76F-4183-A3AF-4ED18AA3DDE9}.Release|x64.ActiveCfg = Release|x64
		{07C57E8F-A76F-4183-A3AF-4ED18AA3DDE9}.Release|x64.Build.0 = Release|x64
		{07C57E8F-A76F-4183-A3AF-4ED18AA3DDE9}.Release|x86.ActiveCfg = Release|Win32
		{07C57E8F-A76F-4183-A3AF-4ED18AA3DDE9}.Release|x86.Build.0 = Release|Win32
	EndGlobalSection
	GlobalSection(SolutionProperties) = preSolution
		HideSolutionNode = FALSE
	EndGlobalSection
	GlobalSection(ExtensibilityGlobals) = postSolution
		SolutionGuid = {F9893B4B-B6DF-47F5-AD9E-8414358561BA}
	EndGlobalSection
EndGlobal
