
Microsoft Visual Studio Solution File, Format Version 12.00
# Visual Studio Version 16
VisualStudioVersion = 16.0.30011.22
MinimumVisualStudioVersion = 10.0.40219.1
Project("{8BC9CEB8-8B4A-11D0-8D11-00A0C91BC942}") = "Exercicio 035", "Exercicio 035\Exercicio 035.vcxproj", "{87C559FA-A3EF-402D-BD1D-8CFB5A3CB083}"
EndProject
Global
	GlobalSection(SolutionConfigurationPlatforms) = preSolution
		Debug|x64 = Debug|x64
		Debug|x86 = Debug|x86
		Release|x64 = Release|x64
		Release|x86 = Release|x86
	EndGlobalSection
	GlobalSection(ProjectConfigurationPlatforms) = postSolution
		{87C559FA-A3EF-402D-BD1D-8CFB5A3CB083}.Debug|x64.ActiveCfg = Debug|x64
		{87C559FA-A3EF-402D-BD1D-8CFB5A3CB083}.Debug|x64.Build.0 = Debug|x64
		{87C559FA-A3EF-402D-BD1D-8CFB5A3CB083}.Debug|x86.ActiveCfg = Debug|Win32
		{87C559FA-A3EF-402D-BD1D-8CFB5A3CB083}.Debug|x86.Build.0 = Debug|Win32
		{87C559FA-A3EF-402D-BD1D-8CFB5A3CB083}.Release|x64.ActiveCfg = Release|x64
		{87C559FA-A3EF-402D-BD1D-8CFB5A3CB083}.Release|x64.Build.0 = Release|x64
		{87C559FA-A3EF-402D-BD1D-8CFB5A3CB083}.Release|x86.ActiveCfg = Release|Win32
		{87C559FA-A3EF-402D-BD1D-8CFB5A3CB083}.Release|x86.Build.0 = Release|Win32
	EndGlobalSection
	GlobalSection(SolutionProperties) = preSolution
		HideSolutionNode = FALSE
	EndGlobalSection
	GlobalSection(ExtensibilityGlobals) = postSolution
		SolutionGuid = {948F221E-2944-489C-B6A6-918FC848DDB9}
	EndGlobalSection
EndGlobal
