
Microsoft Visual Studio Solution File, Format Version 12.00
# Visual Studio Version 16
VisualStudioVersion = 16.0.29905.134
MinimumVisualStudioVersion = 10.0.40219.1
Project("{8BC9CEB8-8B4A-11D0-8D11-00A0C91BC942}") = "Exercicio 029", "Exercicio 029.vcxproj", "{578D33DB-0C81-49E1-8E3D-8F8FB32A9375}"
EndProject
Global
	GlobalSection(SolutionConfigurationPlatforms) = preSolution
		Debug|x64 = Debug|x64
		Debug|x86 = Debug|x86
		Release|x64 = Release|x64
		Release|x86 = Release|x86
	EndGlobalSection
	GlobalSection(ProjectConfigurationPlatforms) = postSolution
		{578D33DB-0C81-49E1-8E3D-8F8FB32A9375}.Debug|x64.ActiveCfg = Debug|x64
		{578D33DB-0C81-49E1-8E3D-8F8FB32A9375}.Debug|x64.Build.0 = Debug|x64
		{578D33DB-0C81-49E1-8E3D-8F8FB32A9375}.Debug|x86.ActiveCfg = Debug|Win32
		{578D33DB-0C81-49E1-8E3D-8F8FB32A9375}.Debug|x86.Build.0 = Debug|Win32
		{578D33DB-0C81-49E1-8E3D-8F8FB32A9375}.Release|x64.ActiveCfg = Release|x64
		{578D33DB-0C81-49E1-8E3D-8F8FB32A9375}.Release|x64.Build.0 = Release|x64
		{578D33DB-0C81-49E1-8E3D-8F8FB32A9375}.Release|x86.ActiveCfg = Release|Win32
		{578D33DB-0C81-49E1-8E3D-8F8FB32A9375}.Release|x86.Build.0 = Release|Win32
	EndGlobalSection
	GlobalSection(SolutionProperties) = preSolution
		HideSolutionNode = FALSE
	EndGlobalSection
	GlobalSection(ExtensibilityGlobals) = postSolution
		SolutionGuid = {B35EB499-319C-4EFC-ABAF-3BABDAA48762}
	EndGlobalSection
EndGlobal
