
Microsoft Visual Studio Solution File, Format Version 12.00
# Visual Studio Version 16
VisualStudioVersion = 16.0.29905.134
MinimumVisualStudioVersion = 10.0.40219.1
Project("{8BC9CEB8-8B4A-11D0-8D11-00A0C91BC942}") = "Exercicio 018", "Exercicio 018.vcxproj", "{F72D2206-31AB-46A0-AED8-A42A18E781A6}"
EndProject
Global
	GlobalSection(SolutionConfigurationPlatforms) = preSolution
		Debug|x64 = Debug|x64
		Debug|x86 = Debug|x86
		Release|x64 = Release|x64
		Release|x86 = Release|x86
	EndGlobalSection
	GlobalSection(ProjectConfigurationPlatforms) = postSolution
		{F72D2206-31AB-46A0-AED8-A42A18E781A6}.Debug|x64.ActiveCfg = Debug|x64
		{F72D2206-31AB-46A0-AED8-A42A18E781A6}.Debug|x64.Build.0 = Debug|x64
		{F72D2206-31AB-46A0-AED8-A42A18E781A6}.Debug|x86.ActiveCfg = Debug|Win32
		{F72D2206-31AB-46A0-AED8-A42A18E781A6}.Debug|x86.Build.0 = Debug|Win32
		{F72D2206-31AB-46A0-AED8-A42A18E781A6}.Release|x64.ActiveCfg = Release|x64
		{F72D2206-31AB-46A0-AED8-A42A18E781A6}.Release|x64.Build.0 = Release|x64
		{F72D2206-31AB-46A0-AED8-A42A18E781A6}.Release|x86.ActiveCfg = Release|Win32
		{F72D2206-31AB-46A0-AED8-A42A18E781A6}.Release|x86.Build.0 = Release|Win32
	EndGlobalSection
	GlobalSection(SolutionProperties) = preSolution
		HideSolutionNode = FALSE
	EndGlobalSection
	GlobalSection(ExtensibilityGlobals) = postSolution
		SolutionGuid = {87D81124-4E23-4EE9-B4DD-E5763FC6C950}
	EndGlobalSection
EndGlobal
