
Microsoft Visual Studio Solution File, Format Version 12.00
# Visual Studio Version 16
VisualStudioVersion = 16.0.29905.134
MinimumVisualStudioVersion = 10.0.40219.1
Project("{8BC9CEB8-8B4A-11D0-8D11-00A0C91BC942}") = "Exercicio 015", "Exercicio 015.vcxproj", "{5C4C754F-BFB9-48F2-B3BF-9DD02DBDEA9F}"
EndProject
Global
	GlobalSection(SolutionConfigurationPlatforms) = preSolution
		Debug|x64 = Debug|x64
		Debug|x86 = Debug|x86
		Release|x64 = Release|x64
		Release|x86 = Release|x86
	EndGlobalSection
	GlobalSection(ProjectConfigurationPlatforms) = postSolution
		{5C4C754F-BFB9-48F2-B3BF-9DD02DBDEA9F}.Debug|x64.ActiveCfg = Debug|x64
		{5C4C754F-BFB9-48F2-B3BF-9DD02DBDEA9F}.Debug|x64.Build.0 = Debug|x64
		{5C4C754F-BFB9-48F2-B3BF-9DD02DBDEA9F}.Debug|x86.ActiveCfg = Debug|Win32
		{5C4C754F-BFB9-48F2-B3BF-9DD02DBDEA9F}.Debug|x86.Build.0 = Debug|Win32
		{5C4C754F-BFB9-48F2-B3BF-9DD02DBDEA9F}.Release|x64.ActiveCfg = Release|x64
		{5C4C754F-BFB9-48F2-B3BF-9DD02DBDEA9F}.Release|x64.Build.0 = Release|x64
		{5C4C754F-BFB9-48F2-B3BF-9DD02DBDEA9F}.Release|x86.ActiveCfg = Release|Win32
		{5C4C754F-BFB9-48F2-B3BF-9DD02DBDEA9F}.Release|x86.Build.0 = Release|Win32
	EndGlobalSection
	GlobalSection(SolutionProperties) = preSolution
		HideSolutionNode = FALSE
	EndGlobalSection
	GlobalSection(ExtensibilityGlobals) = postSolution
		SolutionGuid = {55029E04-8DA4-490C-A8D3-C67134FE3701}
	EndGlobalSection
EndGlobal
